<?xml version="1.0" encoding="utf-8"?>
<Project ToolsVersion="4.0" xmlns="http://schemas.microsoft.com/developer/msbuild/2003">
  <ItemGroup>
    <Filter Include="Source Files">
      <UniqueIdentifier>{4FC737F1-C7A5-4376-A066-2A32D752A2FF}</UniqueIdentifier>
      <Extensions>cpp;c;cc;cxx;def;odl;idl;hpj;bat;asm;asmx</Extensions>
    </Filter>
    <Filter Include="Header Files">
      <UniqueIdentifier>{93995380-89BD-4b04-88EB-625FBE52EBFB}</UniqueIdentifier>
      <Extensions>h;hpp;hxx;hm;inl;inc;xsd</Extensions>
    </Filter>
    <Filter Include="Resource Files">
      <UniqueIdentifier>{67DA6AB6-F800-4c08-8B7A-83BB121AAD01}</UniqueIdentifier>
      <Extensions>rc;ico;cur;bmp;dlg;rc2;rct;bin;rgs;gif;jpg;jpeg;jpe;resx;tiff;tif;png;wav;mfcribbon-ms</Extensions>
    </Filter>
  </ItemGroup>
  <ItemGroup>
    <ClCompile Include="src\Appearance.cpp">
      <Filter>Source Files</Filter>
    </ClCompile>
    <ClCompile Include="src\Camera.cpp">
      <Filter>Source Files</Filter>
    </ClCompile>
    <ClCompile Include="src\Globals.cpp">
      <Filter>Source Files</Filter>
    </ClCompile>
    <ClCompile Include="src\Graph.cpp">
      <Filter>Source Files</Filter>
    </ClCompile>
    <ClCompile Include="src\Light.cpp">
      <Filter>Source Files</Filter>
    </ClCompile>
    <ClCompile Include="src\main.cpp">
      <Filter>Source Files</Filter>
    </ClCompile>
    <ClCompile Include="src\Node.cpp">
      <Filter>Source Files</Filter>
    </ClCompile>
    <ClCompile Include="src\OrthoCamera.cpp">
      <Filter>Source Files</Filter>
    </ClCompile>
    <ClCompile Include="src\PerspectiveCamera.cpp">
      <Filter>Source Files</Filter>
    </ClCompile>
    <ClCompile Include="src\Rotation.cpp">
      <Filter>Source Files</Filter>
    </ClCompile>
    <ClCompile Include="src\Scaling.cpp">
      <Filter>Source Files</Filter>
    </ClCompile>
    <ClCompile Include="src\SceneCylinder.cpp">
      <Filter>Source Files</Filter>
    </ClCompile>
    <ClCompile Include="src\SceneObject.cpp">
      <Filter>Source Files</Filter>
    </ClCompile>
    <ClCompile Include="src\SceneRectangle.cpp">
      <Filter>Source Files</Filter>
    </ClCompile>
    <ClCompile Include="src\SceneSphere.cpp">
      <Filter>Source Files</Filter>
    </ClCompile>
    <ClCompile Include="src\SceneTorus.cpp">
      <Filter>Source Files</Filter>
    </ClCompile>
    <ClCompile Include="src\SceneTriangle.cpp">
      <Filter>Source Files</Filter>
    </ClCompile>
    <ClCompile Include="src\Texture.cpp">
      <Filter>Source Files</Filter>
    </ClCompile>
    <ClCompile Include="src\tinystr.cpp">
      <Filter>Source Files</Filter>
    </ClCompile>
    <ClCompile Include="src\tinyxml.cpp">
      <Filter>Source Files</Filter>
    </ClCompile>
    <ClCompile Include="src\tinyxmlerror.cpp">
      <Filter>Source Files</Filter>
    </ClCompile>
    <ClCompile Include="src\tinyxmlparser.cpp">
      <Filter>Source Files</Filter>
    </ClCompile>
    <ClCompile Include="src\TPinterface.cpp">
      <Filter>Source Files</Filter>
    </ClCompile>
    <ClCompile Include="src\Transformation.cpp">
      <Filter>Source Files</Filter>
    </ClCompile>
    <ClCompile Include="src\Translation.cpp">
      <Filter>Source Files</Filter>
    </ClCompile>
    <ClCompile Include="src\XMLScene.cpp">
      <Filter>Source Files</Filter>
    </ClCompile>
  </ItemGroup>
  <ItemGroup>
    <ClInclude Include="src\Appearance.h">
      <Filter>Header Files</Filter>
    </ClInclude>
    <ClInclude Include="src\Camera.h">
      <Filter>Header Files</Filter>
    </ClInclude>
    <ClInclude Include="src\Globals.h">
      <Filter>Header Files</Filter>
    </ClInclude>
    <ClInclude Include="src\Graph.h">
      <Filter>Header Files</Filter>
    </ClInclude>
    <ClInclude Include="src\Light.h">
      <Filter>Header Files</Filter>
    </ClInclude>
    <ClInclude Include="src\Node.h">
      <Filter>Header Files</Filter>
    </ClInclude>
    <ClInclude Include="src\OrthoCamera.h">
      <Filter>Header Files</Filter>
    </ClInclude>
    <ClInclude Include="src\PerspectiveCamera.h">
      <Filter>Header Files</Filter>
    </ClInclude>
    <ClInclude Include="src\Point.h">
      <Filter>Header Files</Filter>
    </ClInclude>
    <ClInclude Include="src\Rotation.h">
      <Filter>Header Files</Filter>
    </ClInclude>
    <ClInclude Include="src\Scaling.h">
      <Filter>Header Files</Filter>
    </ClInclude>
    <ClInclude Include="src\SceneCylinder.h">
      <Filter>Header Files</Filter>
    </ClInclude>
    <ClInclude Include="src\SceneObject.h">
      <Filter>Header Files</Filter>
    </ClInclude>
    <ClInclude Include="src\SceneRectangle.h">
      <Filter>Header Files</Filter>
    </ClInclude>
    <ClInclude Include="src\SceneSphere.h">
      <Filter>Header Files</Filter>
    </ClInclude>
    <ClInclude Include="src\SceneTorus.h">
      <Filter>Header Files</Filter>
    </ClInclude>
    <ClInclude Include="src\SceneTriangle.h">
      <Filter>Header Files</Filter>
    </ClInclude>
    <ClInclude Include="src\Texture.h">
      <Filter>Header Files</Filter>
    </ClInclude>
    <ClInclude Include="src\tinystr.h">
      <Filter>Header Files</Filter>
    </ClInclude>
    <ClInclude Include="src\tinyxml.h">
      <Filter>Header Files</Filter>
    </ClInclude>
    <ClInclude Include="src\TPinterface.h">
      <Filter>Header Files</Filter>
    </ClInclude>
    <ClInclude Include="src\Transformation.h">
      <Filter>Header Files</Filter>
    </ClInclude>
    <ClInclude Include="src\Translation.h">
      <Filter>Header Files</Filter>
    </ClInclude>
    <ClInclude Include="src\XMLScene.h">
      <Filter>Header Files</Filter>
    </ClInclude>
    <ClInclude Include="include\CGF\CGFappearance.h">
      <Filter>Header Files</Filter>
    </ClInclude>
    <ClInclude Include="include\CGF\CGFapplication.h">
      <Filter>Header Files</Filter>
    </ClInclude>
    <ClInclude Include="include\CGF\CGFaxis.h">
      <Filter>Header Files</Filter>
    </ClInclude>
    <ClInclude Include="include\CGF\CGFcamera.h">
      <Filter>Header Files</Filter>
    </ClInclude>
    <ClInclude Include="include\CGF\CGFinterface.h">
      <Filter>Header Files</Filter>
    </ClInclude>
    <ClInclude Include="include\CGF\CGFlight.h">
      <Filter>Header Files</Filter>
    </ClInclude>
    <ClInclude Include="include\CGF\CGFobject.h">
      <Filter>Header Files</Filter>
    </ClInclude>
    <ClInclude Include="include\CGF\CGFscene.h">
      <Filter>Header Files</Filter>
    </ClInclude>
    <ClInclude Include="include\CGF\CGFshader.h">
      <Filter>Header Files</Filter>
    </ClInclude>
    <ClInclude Include="include\CGF\CGFtexture.h">
      <Filter>Header Files</Filter>
    </ClInclude>
    <ClInclude Include="include\GL\glew.h">
      <Filter>Header Files</Filter>
    </ClInclude>
    <ClInclude Include="include\GL\glext.h">
      <Filter>Header Files</Filter>
    </ClInclude>
    <ClInclude Include="include\GL\glui.h">
      <Filter>Header Files</Filter>
    </ClInclude>
    <ClInclude Include="include\GL\glut.h">
      <Filter>Header Files</Filter>
    </ClInclude>
    <ClInclude Include="include\GL\glxew.h">
      <Filter>Header Files</Filter>
    </ClInclude>
    <ClInclude Include="include\GL\wglew.h">
      <Filter>Header Files</Filter>
    </ClInclude>
    <ClInclude Include="include\glew.h">
      <Filter>Header Files</Filter>
    </ClInclude>
    <ClInclude Include="include\glext.h">
      <Filter>Header Files</Filter>
    </ClInclude>
    <ClInclude Include="include\glui.h">
      <Filter>Header Files</Filter>
    </ClInclude>
    <ClInclude Include="include\glut.h">
      <Filter>Header Files</Filter>
    </ClInclude>
    <ClInclude Include="include\glxew.h">
      <Filter>Header Files</Filter>
    </ClInclude>
    <ClInclude Include="include\tinystr.h">
      <Filter>Header Files</Filter>
    </ClInclude>
    <ClInclude Include="include\tinyxml.h">
      <Filter>Header Files</Filter>
    </ClInclude>
    <ClInclude Include="include\wglew.h">
      <Filter>Header Files</Filter>
    </ClInclude>
  </ItemGroup>
  <ItemGroup>
    <None Include="src\bloodyPrints.jpg">
      <Filter>Resource Files</Filter>
    </None>
    <None Include="src\bloodyWall.jpg">
      <Filter>Resource Files</Filter>
    </None>
    <None Include="src\lamp.png">
      <Filter>Resource Files</Filter>
    </None>
    <None Include="src\pine.jpg">
      <Filter>Resource Files</Filter>
    </None>
    <None Include="src\pine.png">
      <Filter>Resource Files</Filter>
    </None>
    <None Include="src\pTape.jpg">
      <Filter>Resource Files</Filter>
    </None>
    <None Include="src\scratchedWall.jpg">
      <Filter>Resource Files</Filter>
    </None>
    <None Include="src\table.png">
      <Filter>Resource Files</Filter>
    </None>
    <None Include="src\test1.jpg">
      <Filter>Resource Files</Filter>
    </None>
    <None Include="src\textura.jpeg">
      <Filter>Resource Files</Filter>
    </None>
    <None Include="src\vase.png">
      <Filter>Resource Files</Filter>
    </None>
  </ItemGroup>
</Project>